// !$*UTF8*$!
{
	archiveVersion = 1;
	classes = {
	};
	objectVersion = 56;
	objects = {

/* Begin PBXBuildFile section */
		06625E162EDE6ECB006DC699 /* LocalHTTPServer.swift in Sources */ = {isa = PBXBuildFile; fileRef = 06625E152EDE6ECB006DC699 /* LocalHTTPServer.swift */; };
		06625E172EDE6ECB006DC699 /* LocalHTTPServer.swift in Sources */ = {isa = PBXBuildFile; fileRef = 06625E152EDE6ECB006DC699 /* LocalHTTPServer.swift */; };
		A1000001001 /* LiquidCastApp.swift in Sources */ = {isa = PBXBuildFile; fileRef = A1000001000 /* LiquidCastApp.swift */; };
		A1000002001 /* AppState.swift in Sources */ = {isa = PBXBuildFile; fileRef = A1000002000 /* AppState.swift */; };
		A1000003001 /* ContentView.swift in Sources */ = {isa = PBXBuildFile; fileRef = A1000003000 /* ContentView.swift */; };
		A1000004001 /* LiquidGlassCard.swift in Sources */ = {isa = PBXBuildFile; fileRef = A1000004000 /* LiquidGlassCard.swift */; };
		A1000005001 /* ModeSwitcher.swift in Sources */ = {isa = PBXBuildFile; fileRef = A1000005000 /* ModeSwitcher.swift */; };
		A1000006001 /* AirPlayButtonView.swift in Sources */ = {isa = PBXBuildFile; fileRef = A1000006000 /* AirPlayButtonView.swift */; };
		A1000007001 /* MediaPlayerController.swift in Sources */ = {isa = PBXBuildFile; fileRef = A1000007000 /* MediaPlayerController.swift */; };
		A1000008001 /* AirPlayManager.swift in Sources */ = {isa = PBXBuildFile; fileRef = A1000008000 /* AirPlayManager.swift */; };
		A1000009001 /* Assets.xcassets in Resources */ = {isa = PBXBuildFile; fileRef = A1000009000 /* Assets.xcassets */; };
		A1000010001 /* FormatDetector.swift in Sources */ = {isa = PBXBuildFile; fileRef = A1000010000 /* FormatDetector.swift */; };
		A1000011001 /* CacheManager.swift in Sources */ = {isa = PBXBuildFile; fileRef = A1000011000 /* CacheManager.swift */; };
		A1000012001 /* TranscodeManager.swift in Sources */ = {isa = PBXBuildFile; fileRef = A1000012000 /* TranscodeManager.swift */; };
		A1000013001 /* ConversionOverlayView.swift in Sources */ = {isa = PBXBuildFile; fileRef = A1000013000 /* ConversionOverlayView.swift */; };
		A1100001001 /* LiquidCastApp.swift in Sources */ = {isa = PBXBuildFile; fileRef = A1000001000 /* LiquidCastApp.swift */; };
		A1100002001 /* AppState.swift in Sources */ = {isa = PBXBuildFile; fileRef = A1000002000 /* AppState.swift */; };
		A1100003001 /* ContentView.swift in Sources */ = {isa = PBXBuildFile; fileRef = A1000003000 /* ContentView.swift */; };
		A1100004001 /* LiquidGlassCard.swift in Sources */ = {isa = PBXBuildFile; fileRef = A1000004000 /* LiquidGlassCard.swift */; };
		A1100005001 /* ModeSwitcher.swift in Sources */ = {isa = PBXBuildFile; fileRef = A1000005000 /* ModeSwitcher.swift */; };
		A1100006001 /* AirPlayButtonView.swift in Sources */ = {isa = PBXBuildFile; fileRef = A1000006000 /* AirPlayButtonView.swift */; };
		A1100007001 /* MediaPlayerController.swift in Sources */ = {isa = PBXBuildFile; fileRef = A1000007000 /* MediaPlayerController.swift */; };
		A1100008001 /* AirPlayManager.swift in Sources */ = {isa = PBXBuildFile; fileRef = A1000008000 /* AirPlayManager.swift */; };
		A1100009001 /* Assets.xcassets in Resources */ = {isa = PBXBuildFile; fileRef = A1000009000 /* Assets.xcassets */; };
		A1100010001 /* ScreenCaptureManager.swift in Sources */ = {isa = PBXBuildFile; fileRef = A1100010000 /* ScreenCaptureManager.swift */; };
		A1100011001 /* WindowPickerView.swift in Sources */ = {isa = PBXBuildFile; fileRef = A1100011000 /* WindowPickerView.swift */; };
		A1100012001 /* macOSContentView.swift in Sources */ = {isa = PBXBuildFile; fileRef = A1100012000 /* macOSContentView.swift */; };
		A1100013001 /* FormatDetector.swift in Sources */ = {isa = PBXBuildFile; fileRef = A1000010000 /* FormatDetector.swift */; };
		A1100014001 /* CacheManager.swift in Sources */ = {isa = PBXBuildFile; fileRef = A1000011000 /* CacheManager.swift */; };
		A1100015001 /* TranscodeManager.swift in Sources */ = {isa = PBXBuildFile; fileRef = A1000012000 /* TranscodeManager.swift */; };
		A1100016001 /* ConversionOverlayView.swift in Sources */ = {isa = PBXBuildFile; fileRef = A1000013000 /* ConversionOverlayView.swift */; };
		A1200001001 /* DocumentPickerView.swift in Sources */ = {isa = PBXBuildFile; fileRef = A1200001000 /* DocumentPickerView.swift */; };
		A1200002001 /* iOSContentView.swift in Sources */ = {isa = PBXBuildFile; fileRef = A1200002000 /* iOSContentView.swift */; };
		A1300001001 /* TranscodeManagerMacOS.swift in Sources */ = {isa = PBXBuildFile; fileRef = A1300001000 /* TranscodeManagerMacOS.swift */; };
		A1300002001 /* TranscodeManageriOS.swift in Sources */ = {isa = PBXBuildFile; fileRef = A1300002000 /* TranscodeManageriOS.swift */; };
		A1400001001 /* FFmpegProcess.swift in Sources */ = {isa = PBXBuildFile; fileRef = A1400001000 /* FFmpegProcess.swift */; };
		A1400002001 /* HLSSegmentMonitor.swift in Sources */ = {isa = PBXBuildFile; fileRef = A1400002000 /* HLSSegmentMonitor.swift */; };
		A1400003001 /* MediaAnalyzer.swift in Sources */ = {isa = PBXBuildFile; fileRef = A1400003000 /* MediaAnalyzer.swift */; };
		A1400004001 /* MediaAnalyzer.swift in Sources */ = {isa = PBXBuildFile; fileRef = A1400003000 /* MediaAnalyzer.swift */; };
/* End PBXBuildFile section */

/* Begin PBXFileReference section */
		06625E152EDE6ECB006DC699 /* LocalHTTPServer.swift */ = {isa = PBXFileReference; lastKnownFileType = sourcecode.swift; path = LocalHTTPServer.swift; sourceTree = "<group>"; name = LocalHTTPServer.swift; };
		A1000001000 /* LiquidCastApp.swift */ = {isa = PBXFileReference; lastKnownFileType = sourcecode.swift; path = LiquidCastApp.swift; sourceTree = "<group>"; };
		A1000002000 /* AppState.swift */ = {isa = PBXFileReference; lastKnownFileType = sourcecode.swift; path = AppState.swift; sourceTree = "<group>"; };
		A1000003000 /* ContentView.swift */ = {isa = PBXFileReference; lastKnownFileType = sourcecode.swift; path = ContentView.swift; sourceTree = "<group>"; };
		A1000004000 /* LiquidGlassCard.swift */ = {isa = PBXFileReference; lastKnownFileType = sourcecode.swift; path = LiquidGlassCard.swift; sourceTree = "<group>"; };
		A1000005000 /* ModeSwitcher.swift */ = {isa = PBXFileReference; lastKnownFileType = sourcecode.swift; path = ModeSwitcher.swift; sourceTree = "<group>"; };
		A1000006000 /* AirPlayButtonView.swift */ = {isa = PBXFileReference; lastKnownFileType = sourcecode.swift; path = AirPlayButtonView.swift; sourceTree = "<group>"; };
		A1000007000 /* MediaPlayerController.swift */ = {isa = PBXFileReference; lastKnownFileType = sourcecode.swift; path = MediaPlayerController.swift; sourceTree = "<group>"; };
		A1000008000 /* AirPlayManager.swift */ = {isa = PBXFileReference; lastKnownFileType = sourcecode.swift; path = AirPlayManager.swift; sourceTree = "<group>"; };
		A1000009000 /* Assets.xcassets */ = {isa = PBXFileReference; lastKnownFileType = folder.assetcatalog; path = Assets.xcassets; sourceTree = "<group>"; };
		A1000010000 /* FormatDetector.swift */ = {isa = PBXFileReference; lastKnownFileType = sourcecode.swift; path = FormatDetector.swift; sourceTree = "<group>"; };
		A1000011000 /* CacheManager.swift */ = {isa = PBXFileReference; lastKnownFileType = sourcecode.swift; path = CacheManager.swift; sourceTree = "<group>"; };
		A1000012000 /* TranscodeManager.swift */ = {isa = PBXFileReference; lastKnownFileType = sourcecode.swift; path = TranscodeManager.swift; sourceTree = "<group>"; };
		A1000013000 /* ConversionOverlayView.swift */ = {isa = PBXFileReference; lastKnownFileType = sourcecode.swift; path = ConversionOverlayView.swift; sourceTree = "<group>"; };
		A1100010000 /* ScreenCaptureManager.swift */ = {isa = PBXFileReference; lastKnownFileType = sourcecode.swift; path = ScreenCaptureManager.swift; sourceTree = "<group>"; };
		A1100011000 /* WindowPickerView.swift */ = {isa = PBXFileReference; lastKnownFileType = sourcecode.swift; path = WindowPickerView.swift; sourceTree = "<group>"; };
		A1100012000 /* macOSContentView.swift */ = {isa = PBXFileReference; lastKnownFileType = sourcecode.swift; path = macOSContentView.swift; sourceTree = "<group>"; };
		A1100013000 /* Info.plist */ = {isa = PBXFileReference; lastKnownFileType = text.plist.xml; path = Info.plist; sourceTree = "<group>"; };
		A1100014000 /* LiquidCast.entitlements */ = {isa = PBXFileReference; lastKnownFileType = text.plist.entitlements; path = LiquidCast.entitlements; sourceTree = "<group>"; };
		A1200001000 /* DocumentPickerView.swift */ = {isa = PBXFileReference; lastKnownFileType = sourcecode.swift; path = DocumentPickerView.swift; sourceTree = "<group>"; };
		A1200002000 /* iOSContentView.swift */ = {isa = PBXFileReference; lastKnownFileType = sourcecode.swift; path = iOSContentView.swift; sourceTree = "<group>"; };
		A1200003000 /* Info.plist */ = {isa = PBXFileReference; lastKnownFileType = text.plist.xml; path = Info.plist; sourceTree = "<group>"; };
		A1300001000 /* TranscodeManagerMacOS.swift */ = {isa = PBXFileReference; lastKnownFileType = sourcecode.swift; path = TranscodeManagerMacOS.swift; sourceTree = "<group>"; };
		A1300002000 /* TranscodeManageriOS.swift */ = {isa = PBXFileReference; lastKnownFileType = sourcecode.swift; path = TranscodeManageriOS.swift; sourceTree = "<group>"; };
		A1400001000 /* FFmpegProcess.swift */ = {isa = PBXFileReference; lastKnownFileType = sourcecode.swift; path = FFmpegProcess.swift; sourceTree = "<group>"; };
		A1400002000 /* HLSSegmentMonitor.swift */ = {isa = PBXFileReference; lastKnownFileType = sourcecode.swift; path = HLSSegmentMonitor.swift; sourceTree = "<group>"; };
		A1400003000 /* MediaAnalyzer.swift */ = {isa = PBXFileReference; lastKnownFileType = sourcecode.swift; path = MediaAnalyzer.swift; sourceTree = "<group>"; };
		A2000001000 /* LiquidCast.app */ = {isa = PBXFileReference; explicitFileType = wrapper.application; includeInIndex = 0; path = LiquidCast.app; sourceTree = BUILT_PRODUCTS_DIR; };
		A2000002000 /* LiquidCast.app */ = {isa = PBXFileReference; explicitFileType = wrapper.application; includeInIndex = 0; path = LiquidCast.app; sourceTree = BUILT_PRODUCTS_DIR; };
/* End PBXFileReference section */

/* Begin PBXFrameworksBuildPhase section */
		A3000001000 /* Frameworks */ = {
			isa = PBXFrameworksBuildPhase;
			buildActionMask = 2147483647;
			files = (
			);
			runOnlyForDeploymentPostprocessing = 0;
		};
		A3000002000 /* Frameworks */ = {
			isa = PBXFrameworksBuildPhase;
			buildActionMask = 2147483647;
			files = (
			);
			runOnlyForDeploymentPostprocessing = 0;
		};
/* End PBXFrameworksBuildPhase section */

/* Begin PBXGroup section */
		A4000001000 = {
			isa = PBXGroup;
			children = (
				A4000002000 /* LiquidCast */,
				A4000009000 /* Products */,
			);
			sourceTree = "<group>";
		};
		A4000002000 /* LiquidCast */ = {
			isa = PBXGroup;
			children = (
				A4000003000 /* Shared */,
				A4000006000 /* macOS */,
				A4000007000 /* iOS */,
				A4000008000 /* Resources */,
			);
			path = LiquidCast;
			sourceTree = "<group>";
		};
		A4000003000 /* Shared */ = {
			isa = PBXGroup;
			children = (
				A1000001000 /* LiquidCastApp.swift */,
				A4000004000 /* Models */,
				A4000005000 /* Views */,
				A4000010000 /* MediaPlayer */,
				A4000011000 /* AirPlayManager */,
				A4000015000 /* Utils */,
				A4000016000 /* Transcoder */,
				A4000019000 /* HTTPServer */,
			);
			path = Shared;
			sourceTree = "<group>";
		};
		A4000019000 /* HTTPServer */ = {
			isa = PBXGroup;
			children = (
				06625E152EDE6ECB006DC699 /* LocalHTTPServer.swift */,
			);
			path = HTTPServer;
			sourceTree = "<group>";
		};
		A4000004000 /* Models */ = {
			isa = PBXGroup;
			children = (
				A1000002000 /* AppState.swift */,
			);
			path = Models;
			sourceTree = "<group>";
		};
		A4000005000 /* Views */ = {
			isa = PBXGroup;
			children = (
				A1000003000 /* ContentView.swift */,
				A1000004000 /* LiquidGlassCard.swift */,
				A1000005000 /* ModeSwitcher.swift */,
				A1000006000 /* AirPlayButtonView.swift */,
				A1000013000 /* ConversionOverlayView.swift */,
			);
			path = Views;
			sourceTree = "<group>";
		};
		A4000006000 /* macOS */ = {
			isa = PBXGroup;
			children = (
				A1100012000 /* macOSContentView.swift */,
				A1100013000 /* Info.plist */,
				A1100014000 /* LiquidCast.entitlements */,
				A4000012000 /* ScreenCapture */,
				A4000013000 /* WindowPicker */,
				A4000017000 /* Transcoder */,
			);
			path = macOS;
			sourceTree = "<group>";
		};
		A4000007000 /* iOS */ = {
			isa = PBXGroup;
			children = (
				A1200002000 /* iOSContentView.swift */,
				A1200003000 /* Info.plist */,
				A4000014000 /* DocumentPicker */,
				A4000018000 /* Transcoder */,
			);
			path = iOS;
			sourceTree = "<group>";
		};
		A4000008000 /* Resources */ = {
			isa = PBXGroup;
			children = (
				A1000009000 /* Assets.xcassets */,
			);
			path = Resources;
			sourceTree = "<group>";
		};
		A4000009000 /* Products */ = {
			isa = PBXGroup;
			children = (
				A2000001000 /* LiquidCast.app */,
				A2000002000 /* LiquidCast.app */,
			);
			name = Products;
			sourceTree = "<group>";
		};
		A4000010000 /* MediaPlayer */ = {
			isa = PBXGroup;
			children = (
				A1000007000 /* MediaPlayerController.swift */,
			);
			path = MediaPlayer;
			sourceTree = "<group>";
		};
		A4000011000 /* AirPlayManager */ = {
			isa = PBXGroup;
			children = (
				A1000008000 /* AirPlayManager.swift */,
			);
			path = AirPlayManager;
			sourceTree = "<group>";
		};
		A4000012000 /* ScreenCapture */ = {
			isa = PBXGroup;
			children = (
				A1100010000 /* ScreenCaptureManager.swift */,
			);
			path = ScreenCapture;
			sourceTree = "<group>";
		};
		A4000013000 /* WindowPicker */ = {
			isa = PBXGroup;
			children = (
				A1100011000 /* WindowPickerView.swift */,
			);
			path = WindowPicker;
			sourceTree = "<group>";
		};
		A4000014000 /* DocumentPicker */ = {
			isa = PBXGroup;
			children = (
				A1200001000 /* DocumentPickerView.swift */,
			);
			path = DocumentPicker;
			sourceTree = "<group>";
		};
		A4000015000 /* Utils */ = {
			isa = PBXGroup;
			children = (
				A1000010000 /* FormatDetector.swift */,
				A1000011000 /* CacheManager.swift */,
				A1400003000 /* MediaAnalyzer.swift */,
			);
			path = Utils;
			sourceTree = "<group>";
		};
		A4000016000 /* Transcoder */ = {
			isa = PBXGroup;
			children = (
				A1000012000 /* TranscodeManager.swift */,
			);
			path = Transcoder;
			sourceTree = "<group>";
		};
		A4000017000 /* Transcoder */ = {
			isa = PBXGroup;
			children = (
				A1300001000 /* TranscodeManagerMacOS.swift */,
				A1400001000 /* FFmpegProcess.swift */,
				A1400002000 /* HLSSegmentMonitor.swift */,
			);
			path = Transcoder;
			sourceTree = "<group>";
		};
		A4000018000 /* Transcoder */ = {
			isa = PBXGroup;
			children = (
				A1300002000 /* TranscodeManageriOS.swift */,
			);
			path = Transcoder;
			sourceTree = "<group>";
		};
/* End PBXGroup section */

/* Begin PBXNativeTarget section */
		A5000001000 /* LiquidCast (iOS) */ = {
			isa = PBXNativeTarget;
			buildConfigurationList = A6000001000 /* Build configuration list for PBXNativeTarget "LiquidCast (iOS)" */;
			buildPhases = (
				A5000001001 /* Sources */,
				A5000001002 /* Resources */,
				A3000001000 /* Frameworks */,
			);
			buildRules = (
			);
			dependencies = (
				06625E122EDE6C5A006DC699 /* PBXTargetDependency */,
			);
			name = "LiquidCast (iOS)";
			productName = LiquidCast;
			productReference = A2000001000 /* LiquidCast.app */;
			productType = "com.apple.product-type.application";
		};
		A5000002000 /* LiquidCast (macOS) */ = {
			isa = PBXNativeTarget;
			buildConfigurationList = A6000002000 /* Build configuration list for PBXNativeTarget "LiquidCast (macOS)" */;
			buildPhases = (
				A5000002001 /* Sources */,
				A5000002002 /* Resources */,
				A3000002000 /* Frameworks */,
			);
			buildRules = (
			);
			dependencies = (
				06625E142EDE6C62006DC699 /* PBXTargetDependency */,
			);
			name = "LiquidCast (macOS)";
			productName = LiquidCast;
			productReference = A2000002000 /* LiquidCast.app */;
			productType = "com.apple.product-type.application";
		};
/* End PBXNativeTarget section */

/* Begin PBXProject section */
		A7000001000 /* Project object */ = {
			isa = PBXProject;
			attributes = {
				BuildIndependentTargetsInParallel = 1;
				LastSwiftUpdateCheck = 1500;
				LastUpgradeCheck = 1500;
				TargetAttributes = {
					A5000001000 = {
						CreatedOnToolsVersion = 15.0;
					};
					A5000002000 = {
						CreatedOnToolsVersion = 15.0;
					};
				};
			};
			buildConfigurationList = A6000003000 /* Build configuration list for PBXProject "LiquidCast" */;
			compatibilityVersion = "Xcode 14.0";
			developmentRegion = en;
			hasScannedForEncodings = 0;
			knownRegions = (
				en,
				Base,
			);
			mainGroup = A4000001000;
			packageReferences = (
				06625E102EDE6C31006DC699 /* XCRemoteSwiftPackageReference "GCDWebServer" */,
			);
			productRefGroup = A4000009000 /* Products */;
			projectDirPath = "";
			projectRoot = "";
			targets = (
				A5000001000 /* LiquidCast (iOS) */,
				A5000002000 /* LiquidCast (macOS) */,
			);
		};
/* End PBXProject section */

/* Begin PBXResourcesBuildPhase section */
		A5000001002 /* Resources */ = {
			isa = PBXResourcesBuildPhase;
			buildActionMask = 2147483647;
			files = (
				A1000009001 /* Assets.xcassets in Resources */,
			);
			runOnlyForDeploymentPostprocessing = 0;
		};
		A5000002002 /* Resources */ = {
			isa = PBXResourcesBuildPhase;
			buildActionMask = 2147483647;
			files = (
				A1100009001 /* Assets.xcassets in Resources */,
			);
			runOnlyForDeploymentPostprocessing = 0;
		};
/* End PBXResourcesBuildPhase section */

/* Begin PBXSourcesBuildPhase section */
		A5000001001 /* Sources */ = {
			isa = PBXSourcesBuildPhase;
			buildActionMask = 2147483647;
			files = (
				A1000001001 /* LiquidCastApp.swift in Sources */,
				A1000002001 /* AppState.swift in Sources */,
				06625E162EDE6ECB006DC699 /* LocalHTTPServer.swift in Sources */,
				A1000003001 /* ContentView.swift in Sources */,
				A1000004001 /* LiquidGlassCard.swift in Sources */,
				A1000005001 /* ModeSwitcher.swift in Sources */,
				A1000006001 /* AirPlayButtonView.swift in Sources */,
				A1000007001 /* MediaPlayerController.swift in Sources */,
				A1000008001 /* AirPlayManager.swift in Sources */,
				A1000010001 /* FormatDetector.swift in Sources */,
				A1000011001 /* CacheManager.swift in Sources */,
				A1000012001 /* TranscodeManager.swift in Sources */,
				A1000013001 /* ConversionOverlayView.swift in Sources */,
				A1200001001 /* DocumentPickerView.swift in Sources */,
				A1200002001 /* iOSContentView.swift in Sources */,
				A1300002001 /* TranscodeManageriOS.swift in Sources */,
				A1400004001 /* MediaAnalyzer.swift in Sources */,
			);
			runOnlyForDeploymentPostprocessing = 0;
		};
		A5000002001 /* Sources */ = {
			isa = PBXSourcesBuildPhase;
			buildActionMask = 2147483647;
			files = (
				A1100001001 /* LiquidCastApp.swift in Sources */,
				A1100002001 /* AppState.swift in Sources */,
				A1100003001 /* ContentView.swift in Sources */,
				A1100004001 /* LiquidGlassCard.swift in Sources */,
				A1100005001 /* ModeSwitcher.swift in Sources */,
				A1100006001 /* AirPlayButtonView.swift in Sources */,
				A1100007001 /* MediaPlayerController.swift in Sources */,
				A1100008001 /* AirPlayManager.swift in Sources */,
				A1100010001 /* ScreenCaptureManager.swift in Sources */,
				06625E172EDE6ECB006DC699 /* LocalHTTPServer.swift in Sources */,
				A1100011001 /* WindowPickerView.swift in Sources */,
				A1100012001 /* macOSContentView.swift in Sources */,
				A1100013001 /* FormatDetector.swift in Sources */,
				A1100014001 /* CacheManager.swift in Sources */,
				A1100015001 /* TranscodeManager.swift in Sources */,
				A1100016001 /* ConversionOverlayView.swift in Sources */,
				A1300001001 /* TranscodeManagerMacOS.swift in Sources */,
				A1400001001 /* FFmpegProcess.swift in Sources */,
				A1400002001 /* HLSSegmentMonitor.swift in Sources */,
				A1400003001 /* MediaAnalyzer.swift in Sources */,
			);
			runOnlyForDeploymentPostprocessing = 0;
		};
/* End PBXSourcesBuildPhase section */

/* Begin PBXTargetDependency section */
		06625E122EDE6C5A006DC699 /* PBXTargetDependency */ = {
			isa = PBXTargetDependency;
			productRef = 06625E112EDE6C5A006DC699 /* GCDWebServer */;
		};
		06625E142EDE6C62006DC699 /* PBXTargetDependency */ = {
			isa = PBXTargetDependency;
			productRef = 06625E132EDE6C62006DC699 /* GCDWebServer */;
		};
/* End PBXTargetDependency section */

/* Begin XCBuildConfiguration section */
		A8000001000 /* Debug */ = {
			isa = XCBuildConfiguration;
			buildSettings = {
				ALWAYS_SEARCH_USER_PATHS = NO;
				ASSETCATALOG_COMPILER_GENERATE_SWIFT_ASSET_SYMBOL_EXTENSIONS = YES;
				CLANG_ANALYZER_NONNULL = YES;
				CLANG_ANALYZER_NUMBER_OBJECT_CONVERSION = YES_AGGRESSIVE;
				CLANG_CXX_LANGUAGE_STANDARD = "gnu++20";
				CLANG_ENABLE_MODULES = YES;
				CLANG_ENABLE_OBJC_ARC = YES;
				CLANG_ENABLE_OBJC_WEAK = YES;
				CLANG_WARN_BLOCK_CAPTURE_AUTORELEASING = YES;
				CLANG_WARN_BOOL_CONVERSION = YES;
				CLANG_WARN_COMMA = YES;
				CLANG_WARN_CONSTANT_CONVERSION = YES;
				CLANG_WARN_DEPRECATED_OBJC_IMPLEMENTATIONS = YES;
				CLANG_WARN_DIRECT_OBJC_ISA_USAGE = YES_ERROR;
				CLANG_WARN_DOCUMENTATION_COMMENTS = YES;
				CLANG_WARN_EMPTY_BODY = YES;
				CLANG_WARN_ENUM_CONVERSION = YES;
				CLANG_WARN_INFINITE_RECURSION = YES;
				CLANG_WARN_INT_CONVERSION = YES;
				CLANG_WARN_NON_LITERAL_NULL_CONVERSION = YES;
				CLANG_WARN_OBJC_IMPLICIT_RETAIN_SELF = YES;
				CLANG_WARN_OBJC_LITERAL_CONVERSION = YES;
				CLANG_WARN_OBJC_ROOT_CLASS = YES_ERROR;
				CLANG_WARN_QUOTED_INCLUDE_IN_FRAMEWORK_HEADER = YES;
				CLANG_WARN_RANGE_LOOP_ANALYSIS = YES;
				CLANG_WARN_STRICT_PROTOTYPES = YES;
				CLANG_WARN_SUSPICIOUS_MOVE = YES;
				CLANG_WARN_UNGUARDED_AVAILABILITY = YES_AGGRESSIVE;
				CLANG_WARN_UNREACHABLE_CODE = YES;
				CLANG_WARN__DUPLICATE_METHOD_MATCH = YES;
				COPY_PHASE_STRIP = NO;
				DEBUG_INFORMATION_FORMAT = dwarf;
				ENABLE_STRICT_OBJC_MSGSEND = YES;
				ENABLE_TESTABILITY = YES;
				ENABLE_USER_SCRIPT_SANDBOXING = YES;
				GCC_C_LANGUAGE_STANDARD = gnu17;
				GCC_DYNAMIC_NO_PIC = NO;
				GCC_NO_COMMON_BLOCKS = YES;
				GCC_OPTIMIZATION_LEVEL = 0;
				GCC_PREPROCESSOR_DEFINITIONS = (
					"DEBUG=1",
					"$(inherited)",
				);
				GCC_WARN_64_TO_32_BIT_CONVERSION = YES;
				GCC_WARN_ABOUT_RETURN_TYPE = YES_ERROR;
				GCC_WARN_UNDECLARED_SELECTOR = YES;
				GCC_WARN_UNINITIALIZED_AUTOS = YES_AGGRESSIVE;
				GCC_WARN_UNUSED_FUNCTION = YES;
				GCC_WARN_UNUSED_VARIABLE = YES;
				LOCALIZATION_PREFERS_STRING_CATALOGS = YES;
				MTL_ENABLE_DEBUG_INFO = INCLUDE_SOURCE;
				MTL_FAST_MATH = YES;
				ONLY_ACTIVE_ARCH = YES;
				SWIFT_ACTIVE_COMPILATION_CONDITIONS = "DEBUG $(inherited)";
				SWIFT_OPTIMIZATION_LEVEL = "-Onone";
			};
			name = Debug;
		};
		A8000002000 /* Release */ = {
			isa = XCBuildConfiguration;
			buildSettings = {
				ALWAYS_SEARCH_USER_PATHS = NO;
				ASSETCATALOG_COMPILER_GENERATE_SWIFT_ASSET_SYMBOL_EXTENSIONS = YES;
				CLANG_ANALYZER_NONNULL = YES;
				CLANG_ANALYZER_NUMBER_OBJECT_CONVERSION = YES_AGGRESSIVE;
				CLANG_CXX_LANGUAGE_STANDARD = "gnu++20";
				CLANG_ENABLE_MODULES = YES;
				CLANG_ENABLE_OBJC_ARC = YES;
				CLANG_ENABLE_OBJC_WEAK = YES;
				CLANG_WARN_BLOCK_CAPTURE_AUTORELEASING = YES;
				CLANG_WARN_BOOL_CONVERSION = YES;
				CLANG_WARN_COMMA = YES;
				CLANG_WARN_CONSTANT_CONVERSION = YES;
				CLANG_WARN_DEPRECATED_OBJC_IMPLEMENTATIONS = YES;
				CLANG_WARN_DIRECT_OBJC_ISA_USAGE = YES_ERROR;
				CLANG_WARN_DOCUMENTATION_COMMENTS = YES;
				CLANG_WARN_EMPTY_BODY = YES;
				CLANG_WARN_ENUM_CONVERSION = YES;
				CLANG_WARN_INFINITE_RECURSION = YES;
				CLANG_WARN_INT_CONVERSION = YES;
				CLANG_WARN_NON_LITERAL_NULL_CONVERSION = YES;
				CLANG_WARN_OBJC_IMPLICIT_RETAIN_SELF = YES;
				CLANG_WARN_OBJC_LITERAL_CONVERSION = YES;
				CLANG_WARN_OBJC_ROOT_CLASS = YES_ERROR;
				CLANG_WARN_QUOTED_INCLUDE_IN_FRAMEWORK_HEADER = YES;
				CLANG_WARN_RANGE_LOOP_ANALYSIS = YES;
				CLANG_WARN_STRICT_PROTOTYPES = YES;
				CLANG_WARN_SUSPICIOUS_MOVE = YES;
				CLANG_WARN_UNGUARDED_AVAILABILITY = YES_AGGRESSIVE;
				CLANG_WARN_UNREACHABLE_CODE = YES;
				CLANG_WARN__DUPLICATE_METHOD_MATCH = YES;
				COPY_PHASE_STRIP = NO;
				DEBUG_INFORMATION_FORMAT = "dwarf-with-dsym";
				ENABLE_NS_ASSERTIONS = NO;
				ENABLE_STRICT_OBJC_MSGSEND = YES;
				ENABLE_USER_SCRIPT_SANDBOXING = YES;
				GCC_C_LANGUAGE_STANDARD = gnu17;
				GCC_NO_COMMON_BLOCKS = YES;
				GCC_WARN_64_TO_32_BIT_CONVERSION = YES;
				GCC_WARN_ABOUT_RETURN_TYPE = YES_ERROR;
				GCC_WARN_UNDECLARED_SELECTOR = YES;
				GCC_WARN_UNINITIALIZED_AUTOS = YES_AGGRESSIVE;
				GCC_WARN_UNUSED_FUNCTION = YES;
				GCC_WARN_UNUSED_VARIABLE = YES;
				LOCALIZATION_PREFERS_STRING_CATALOGS = YES;
				MTL_ENABLE_DEBUG_INFO = NO;
				MTL_FAST_MATH = YES;
				SWIFT_COMPILATION_MODE = wholemodule;
			};
			name = Release;
		};
		A8000003000 /* Debug */ = {
			isa = XCBuildConfiguration;
			buildSettings = {
				ASSETCATALOG_COMPILER_APPICON_NAME = AppIcon;
				ASSETCATALOG_COMPILER_GLOBAL_ACCENT_COLOR_NAME = AccentColor;
				CODE_SIGN_STYLE = Automatic;
				CURRENT_PROJECT_VERSION = 1;
				DEVELOPMENT_TEAM = B5NKL8WLDP;
				ENABLE_PREVIEWS = YES;
				GENERATE_INFOPLIST_FILE = YES;
				INFOPLIST_FILE = LiquidCast/iOS/Info.plist;
				INFOPLIST_KEY_UIApplicationSceneManifest_Generation = YES;
				INFOPLIST_KEY_UIApplicationSupportsIndirectInputEvents = YES;
				INFOPLIST_KEY_UILaunchScreen_Generation = YES;
				INFOPLIST_KEY_UISupportedInterfaceOrientations_iPad = "UIInterfaceOrientationPortrait UIInterfaceOrientationPortraitUpsideDown UIInterfaceOrientationLandscapeLeft UIInterfaceOrientationLandscapeRight";
				INFOPLIST_KEY_UISupportedInterfaceOrientations_iPhone = "UIInterfaceOrientationPortrait UIInterfaceOrientationLandscapeLeft UIInterfaceOrientationLandscapeRight";
				IPHONEOS_DEPLOYMENT_TARGET = 26.0;
				LD_RUNPATH_SEARCH_PATHS = (
					"$(inherited)",
					"@executable_path/Frameworks",
				);
				MARKETING_VERSION = 1.0;
				PRODUCT_BUNDLE_IDENTIFIER = com.liquidcast.app;
				PRODUCT_NAME = LiquidCast;
				SDKROOT = iphoneos;
				SWIFT_EMIT_LOC_STRINGS = YES;
				SWIFT_VERSION = 5.0;
				TARGETED_DEVICE_FAMILY = "1,2";
			};
			name = Debug;
		};
		A8000004000 /* Release */ = {
			isa = XCBuildConfiguration;
			buildSettings = {
				ASSETCATALOG_COMPILER_APPICON_NAME = AppIcon;
				ASSETCATALOG_COMPILER_GLOBAL_ACCENT_COLOR_NAME = AccentColor;
				CODE_SIGN_STYLE = Automatic;
				CURRENT_PROJECT_VERSION = 1;
				DEVELOPMENT_TEAM = B5NKL8WLDP;
				ENABLE_PREVIEWS = YES;
				GENERATE_INFOPLIST_FILE = YES;
				INFOPLIST_FILE = LiquidCast/iOS/Info.plist;
				INFOPLIST_KEY_UIApplicationSceneManifest_Generation = YES;
				INFOPLIST_KEY_UIApplicationSupportsIndirectInputEvents = YES;
				INFOPLIST_KEY_UILaunchScreen_Generation = YES;
				INFOPLIST_KEY_UISupportedInterfaceOrientations_iPad = "UIInterfaceOrientationPortrait UIInterfaceOrientationPortraitUpsideDown UIInterfaceOrientationLandscapeLeft UIInterfaceOrientationLandscapeRight";
				INFOPLIST_KEY_UISupportedInterfaceOrientations_iPhone = "UIInterfaceOrientationPortrait UIInterfaceOrientationLandscapeLeft UIInterfaceOrientationLandscapeRight";
				IPHONEOS_DEPLOYMENT_TARGET = 26.0;
				LD_RUNPATH_SEARCH_PATHS = (
					"$(inherited)",
					"@executable_path/Frameworks",
				);
				MARKETING_VERSION = 1.0;
				PRODUCT_BUNDLE_IDENTIFIER = com.liquidcast.app;
				PRODUCT_NAME = LiquidCast;
				SDKROOT = iphoneos;
				SWIFT_EMIT_LOC_STRINGS = YES;
				SWIFT_VERSION = 5.0;
				TARGETED_DEVICE_FAMILY = "1,2";
				VALIDATE_PRODUCT = YES;
			};
			name = Release;
		};
		A8000005000 /* Debug */ = {
			isa = XCBuildConfiguration;
			buildSettings = {
				ASSETCATALOG_COMPILER_APPICON_NAME = AppIcon;
				ASSETCATALOG_COMPILER_GLOBAL_ACCENT_COLOR_NAME = AccentColor;
				CODE_SIGN_ENTITLEMENTS = LiquidCast/macOS/LiquidCast.entitlements;
				CODE_SIGN_STYLE = Automatic;
				COMBINE_HIDPI_IMAGES = YES;
				CURRENT_PROJECT_VERSION = 1;
				DEVELOPMENT_TEAM = "";
				ENABLE_HARDENED_RUNTIME = YES;
				ENABLE_PREVIEWS = YES;
				GENERATE_INFOPLIST_FILE = YES;
				INFOPLIST_FILE = LiquidCast/macOS/Info.plist;
				INFOPLIST_KEY_NSHumanReadableCopyright = "";
				LD_RUNPATH_SEARCH_PATHS = (
					"$(inherited)",
					"@executable_path/../Frameworks",
				);
				MACOSX_DEPLOYMENT_TARGET = 26.0;
				MARKETING_VERSION = 1.0;
				PRODUCT_BUNDLE_IDENTIFIER = com.liquidcast.app.macos;
				PRODUCT_NAME = LiquidCast;
				SDKROOT = macosx;
				SWIFT_EMIT_LOC_STRINGS = YES;
				SWIFT_VERSION = 5.0;
			};
			name = Debug;
		};
		A8000006000 /* Release */ = {
			isa = XCBuildConfiguration;
			buildSettings = {
				ASSETCATALOG_COMPILER_APPICON_NAME = AppIcon;
				ASSETCATALOG_COMPILER_GLOBAL_ACCENT_COLOR_NAME = AccentColor;
				CODE_SIGN_ENTITLEMENTS = LiquidCast/macOS/LiquidCast.entitlements;
				CODE_SIGN_STYLE = Automatic;
				COMBINE_HIDPI_IMAGES = YES;
				CURRENT_PROJECT_VERSION = 1;
				DEVELOPMENT_TEAM = "";
				ENABLE_HARDENED_RUNTIME = YES;
				ENABLE_PREVIEWS = YES;
				GENERATE_INFOPLIST_FILE = YES;
				INFOPLIST_FILE = LiquidCast/macOS/Info.plist;
				INFOPLIST_KEY_NSHumanReadableCopyright = "";
				LD_RUNPATH_SEARCH_PATHS = (
					"$(inherited)",
					"@executable_path/../Frameworks",
				);
				MACOSX_DEPLOYMENT_TARGET = 26.0;
				MARKETING_VERSION = 1.0;
				PRODUCT_BUNDLE_IDENTIFIER = com.liquidcast.app.macos;
				PRODUCT_NAME = LiquidCast;
				SDKROOT = macosx;
				SWIFT_EMIT_LOC_STRINGS = YES;
				SWIFT_VERSION = 5.0;
			};
			name = Release;
		};
/* End XCBuildConfiguration section */

/* Begin XCConfigurationList section */
		A6000001000 /* Build configuration list for PBXNativeTarget "LiquidCast (iOS)" */ = {
			isa = XCConfigurationList;
			buildConfigurations = (
				A8000003000 /* Debug */,
				A8000004000 /* Release */,
			);
			defaultConfigurationIsVisible = 0;
			defaultConfigurationName = Release;
		};
		A6000002000 /* Build configuration list for PBXNativeTarget "LiquidCast (macOS)" */ = {
			isa = XCConfigurationList;
			buildConfigurations = (
				A8000005000 /* Debug */,
				A8000006000 /* Release */,
			);
			defaultConfigurationIsVisible = 0;
			defaultConfigurationName = Release;
		};
		A6000003000 /* Build configuration list for PBXProject "LiquidCast" */ = {
			isa = XCConfigurationList;
			buildConfigurations = (
				A8000001000 /* Debug */,
				A8000002000 /* Release */,
			);
			defaultConfigurationIsVisible = 0;
			defaultConfigurationName = Release;
		};
/* End XCConfigurationList section */

/* Begin XCRemoteSwiftPackageReference section */
		06625E102EDE6C31006DC699 /* XCRemoteSwiftPackageReference "GCDWebServer" */ = {
			isa = XCRemoteSwiftPackageReference;
			repositoryURL = "https://github.com/yene/GCDWebServer";
			requirement = {
				kind = upToNextMajorVersion;
				minimumVersion = 3.5.7;
			};
		};
/* End XCRemoteSwiftPackageReference section */

/* Begin XCSwiftPackageProductDependency section */
		06625E112EDE6C5A006DC699 /* GCDWebServer */ = {
			isa = XCSwiftPackageProductDependency;
			package = 06625E102EDE6C31006DC699 /* XCRemoteSwiftPackageReference "GCDWebServer" */;
			productName = GCDWebServer;
		};
		06625E132EDE6C62006DC699 /* GCDWebServer */ = {
			isa = XCSwiftPackageProductDependency;
			package = 06625E102EDE6C31006DC699 /* XCRemoteSwiftPackageReference "GCDWebServer" */;
			productName = GCDWebServer;
		};
/* End XCSwiftPackageProductDependency section */
	};
	rootObject = A7000001000 /* Project object */;
}
